
Microsoft Visual Studio Solution File, Format Version 12.00
# Visual Studio Version 17
VisualStudioVersion = 17.11.35222.181
MinimumVisualStudioVersion = 10.0.40219.1
Project("{FAE04EC0-301F-11D3-BF4B-00C04F79EFBC}") = "CryptοNexus", "CryptοNexus\CryptοNexus.csproj", "{AFE62B46-B50F-4DF7-A52C-E9BF7D2383C0}"
EndProject
Global
	GlobalSection(SolutionConfigurationPlatforms) = preSolution
		Debug|Any CPU = Debug|Any CPU
		Release|Any CPU = Release|Any CPU
	EndGlobalSection
	GlobalSection(ProjectConfigurationPlatforms) = postSolution
		{AFE62B46-B50F-4DF7-A52C-E9BF7D2383C0}.Debug|Any CPU.ActiveCfg = Debug|Any CPU
		{AFE62B46-B50F-4DF7-A52C-E9BF7D2383C0}.Debug|Any CPU.Build.0 = Debug|Any CPU
		{AFE62B46-B50F-4DF7-A52C-E9BF7D2383C0}.Release|Any CPU.ActiveCfg = Release|Any CPU
		{AFE62B46-B50F-4DF7-A52C-E9BF7D2383C0}.Release|Any CPU.Build.0 = Release|Any CPU
	EndGlobalSection
	GlobalSection(SolutionProperties) = preSolution
		HideSolutionNode = FALSE
	EndGlobalSection
	GlobalSection(ExtensibilityGlobals) = postSolution
		SolutionGuid = {F83611DF-4083-45D7-99F0-B5D069FFA8FF}
	EndGlobalSection
EndGlobal
